
Microsoft Visual Studio Solution File, Format Version 12.00
# Visual Studio Version 17
VisualStudioVersion = 17.10.35122.118
MinimumVisualStudioVersion = 10.0.40219.1
Project("{FAE04EC0-301F-11D3-BF4B-00C04F79EFBC}") = "Biblioteczka", "Biblioteczka\Biblioteczka.csproj", "{06E8518D-F834-4B4B-BFAF-85AE3769D7DD}"
EndProject
Global
	GlobalSection(SolutionConfigurationPlatforms) = preSolution
		Debug|Any CPU = Debug|Any CPU
		Release|Any CPU = Release|Any CPU
	EndGlobalSection
	GlobalSection(ProjectConfigurationPlatforms) = postSolution
		{06E8518D-F834-4B4B-BFAF-85AE3769D7DD}.Debug|Any CPU.ActiveCfg = Debug|Any CPU
		{06E8518D-F834-4B4B-BFAF-85AE3769D7DD}.Debug|Any CPU.Build.0 = Debug|Any CPU
		{06E8518D-F834-4B4B-BFAF-85AE3769D7DD}.Release|Any CPU.ActiveCfg = Release|Any CPU
		{06E8518D-F834-4B4B-BFAF-85AE3769D7DD}.Release|Any CPU.Build.0 = Release|Any CPU
	EndGlobalSection
	GlobalSection(SolutionProperties) = preSolution
		HideSolutionNode = FALSE
	EndGlobalSection
	GlobalSection(ExtensibilityGlobals) = postSolution
		SolutionGuid = {EF68DCE7-7917-49E3-94D2-1798C7083B43}
	EndGlobalSection
EndGlobal
